{
  "name": "mary-slessor-memorial-presbyterian-cathedral",
  "version": "1.0.0",
  "lockfileVersion": 3,
  "requires": true,
  "packages": {
    "": {
      "name": "mary-slessor-memorial-presbyterian-cathedral",
      "version": "1.0.0",
      "license": "ISC",
      "dependencies": {
        "react": "^19.1.1",
        "react-dom": "^19.1.1"
      },
      "devDependencies": {
        "@types/react": "^18.0.0",
        "@types/react-dom": "^18.0.0",
        "@vitejs/plugin-react": "^4.3.1",
        "firebase-tools": "^13.11.2",
        "typescript": "^5.0.0",
        "vite": "^5.3.3"
      }
    },
    "node_modules/@babel/core": {
      "version": "7.24.7",
      "resolved": "https://registry.npmjs.org/@babel/core/-/core-7.24.7.tgz",
      "integrity": "sha512-B6CHwI2GSDlZwR9d+y9wjpbpT00r27TFT8v+n4F7y9Rz0h/yNIh3Pz1zZ01n0S2ySE+OzzZmgP4fJ+bM2SRy4Q==",
      "dev": true,
      "dependencies": {
        "@babel/helper-compilation-targets": "^7.24.7",
        "@babel/helper-plugin-utils": "^7.24.7",
        "@babel/template": "^7.24.7",
        "@babel/traverse": "^7.24.7",
        "@babel/types": "^7.24.7",
        "convert-source-map": "^2.0.0",
        "gensync": "^1.0.0-beta.2",
        "json5": "^2.2.3",
        "semver": "^6.3.1"
      },
      "engines": {
        "node": ">=6.9.0"
      },
      "funding": {
        "type": "opencollective",
        "url": "https://opencollective.com/babel"
      }
    },
    "node_modules/@babel/core/node_modules/semver": {
      "version": "6.3.1",
      "resolved": "https://registry.npmjs.org/semver/-/semver-6.3.1.tgz",
      "integrity": "sha512-BR7VvDCVHO+q2xBEWskxS6DJE1qRnb81kfsOfwNUL_LprdQSOpB5M3Dwwkp8wH+n2hf68sc7JLuQYkHAMIkjqA==",
      "dev": true,
      "bin": {
        "semver": "bin/semver.js"
      }
    },
    "node_modules/@babel/generator": {
      "version": "7.24.7",
      "resolved": "https://registry.npmjs.org/@babel/generator/-/generator-7.24.7.tgz",
      "integrity": "sha512-n3cc3bL/2K4eKDN5Y/YtPFE2crWlJ1wVwFfFlG3ngdUuS6yq2UEU7xrgOdQ+Kx02CV1LQSV8Y6kAd6TqgnJ/DQ==",
      "dev": true,
      "dependencies": {
        "@babel/types": "^7.24.7",
        "@jridgewell/gen-mapping": "^0.3.5",
        "jsesc": "^2.5.1"
      },
      "engines": {
        "node": ">=6.9.0"
      }
    },
    "node_modules/@babel/helper-compilation-targets": {
      "version": "7.24.7",
      "resolved": "https://registry.npmjs.org/@babel/helper-compilation-targets/-/helper-compilation-targets-7.24.7.tgz",
      "integrity": "sha512-Y1Lh3R5s2Vn6bW3n2AR/S4xN5oY6B8z4pW8VCOAnH5jFV/3AbD/ZlQTk+5n73hEWkTPs13C7Qvkeq9unS6Rz+w==",
      "dev": true,
      "dependencies": {
        "@babel/compat-data": "^7.24.7",
        "@babel/helper-validator-option": "^7.24.7",
        "browserslist": "^4.23.0",
        "semver": "^6.3.1"
      },
      "engines": {
        "node": ">=6.9.0"
      },
      "funding": {
        "type": "opencollective",
        "url": "https://opencollective.com/babel"
      }
    },
    "node_modules/@babel/helper-compilation-targets/node_modules/semver": {
      "version": "6.3.1",
      "resolved": "https://registry.npmjs.org/semver/-/semver-6.3.1.tgz",
      "integrity": "sha512-BR7VvDCVHO+q2xBEWskxS6DJE1qRnb81kfsOfwNUL_LprdQSOpB5M3Dwwkp8wH+n2hf68sc7JLuQYkHAMIkjqA==",
      "dev": true,
      "bin": {
        "semver": "bin/semver.js"
      }
    },
    "node_modules/@babel/helper-plugin-utils": {
      "version": "7.24.7",
      "resolved": "https://registry.npmjs.org/@babel/helper-plugin-utils/-/helper-plugin-utils-7.24.7.tgz",
      "integrity": "sha512-siONXv5W/bTe1nLzXy4Yv72m2v1p7y5Wb8w8Iz2G4vYzc1H34uQZf3/43SnsT/d1cb4WCHbDvj55DA5SGSyJg==",
      "dev": true,
      "engines": {
        "node": ">=6.9.0"
      }
    },
    "node_modules/@babel/helper-validator-option": {
      "version": "7.24.7",
      "resolved": "https://registry.npmjs.org/@babel/helper-validator-option/-/helper-validator-option-7.24.7.tgz",
      "integrity": "sha512-nLz5nffr+1mxg/CQnbtg4lX/S19I/GDy6o6N2wLYyIaptr2b4g/zV3rO0lQBko9tqGgQ4zKiFF0fW32tCy3gUg==",
      "dev": true,
      "engines": {
        "node": ">=6.9.0"
      }
    },
    "node_modules/@babel/highlight": {
      "version": "7.24.7",
      "resolved": "https://registry.npmjs.org/@babel/highlight/-/highlight-7.24.7.tgz",
      "integrity": "sha512-Qp38yctZ/f6FCRjQxAnx7y95b2lRElsQYwYdFpG2vL+2GzM9OKrA3gLhMUvH2y+4Kjcaq/OAEsd4K3xV69s1WA==",
      "dev": true,
      "dependencies": {
        "@babel/helper-validator-identifier": "^7.24.7",
        "chalk": "^2.0.0",
        "js-tokens": "^4.0.0"
      },
      "engines": {
        "node": ">=6.9.0"
      }
    },
    "node_modules/@babel/highlight/node_modules/ansi-styles": {
      "version": "3.2.1",
      "resolved": "https://registry.npmjs.org/ansi-styles/-/ansi-styles-3.2.1.tgz",
      "integrity": "sha512-VT0ZI6kZRdTh8YyJw3SMbYm/u+NqfsAxEpWO0PfL48LP5KEGcp3pd4BAfDT8SS7gKZIIGDmcqPnb4sokrgA9iA==",
      "dev": true,
      "dependencies": {
        "color-convert": "^1.9.0"
      },
      "engines": {
        "node": ">=4"
      }
    },
    "node_modules/@babel/highlight/node_modules/chalk": {
      "version": "2.4.2",
      "resolved": "https://registry.npmjs.org/chalk/-/chalk-2.4.2.tgz",
      "integrity": "sha512-Mti+f9lpJNcwF4tWV8/OrTTzNTh4PGMAUwhi8Kj7jklzDJfgLLzAxE1sBg76EuH5rLj58W/xkziel7tVAnPUeA==",
      "dev": true,
      "dependencies": {
        "ansi-styles": "^3.2.1",
        "escape-string-regexp": "^1.0.5",
        "supports-color": "^5.3.0"
      },
      "engines": {
        "node": ">=4"
      }
    },
    "node_modules/@babel/highlight/node_modules/color-convert": {
      "version": "1.9.3",
      "resolved": "https://registry.npmjs.org/color-convert/-/color-convert-1.9.3.tgz",
      "integrity": "sha512-QfAUtd+vFdAtFQhgtag+Yg2bVgAaUeKTdO5sWh4xFNai1GVwFdUeOgEQ0PZN8qR3FeBBLA+D0hPAgdAAbJpIHw==",
      "dev": true,
      "dependencies": {
        "color-name": "1.1.3"
      }
    },
    "node_modules/@babel/highlight/node_modules/color-name": {
      "version": "1.1.3",
      "resolved": "https://registry.npmjs.org/color-name/-/color-name-1.1.3.tgz",
      "integrity": "sha512-72fSenhMw2ACoPKGNvOR7/rRNAI0pNcPTxj6zRRMNccbIFKcnzfdpqTTiDBJ1i4v1CgPLIQ6ftoG+9gOxxh2ZQ==",
      "dev": true
    },
    "node_modules/@babel/highlight/node_modules/has-flag": {
      "version": "3.0.0",
      "resolved": "https://registry.npmjs.org/has-flag/-/has-flag-3.0.0.tgz",
      "integrity": "sha512-sKYa/y63so5cPTHL+sf41mC2bSA6B2ssSnTXbHjvKl6ycbGFivhtmlgKB9A99GxgDaOhtT2Bw3+Lg9zE42ZVilA==",
      "dev": true,
      "engines": {
        "node": ">=4"
      }
    },
    "node_modules/@babel/highlight/node_modules/js-tokens": {
      "version": "4.0.0",
      "resolved": "https://registry.npmjs.org/js-tokens/-/js-tokens-4.0.0.tgz",
      "integrity": "sha512-RdJUflcE3cUzKiMqQgsCu06FPu9UdIJO0beYbPhHN4k6apgJtifcoCtT9bcxOpYBtpD2kCM6Sbzg4CausW/PKQ==",
      "dev": true
    },
    "node_modules/@babel/highlight/node_modules/supports-color": {
      "version": "5.5.0",
      "resolved": "https://registry.npmjs.org/supports-color/-/supports-color-5.5.0.tgz",
      "integrity": "sha512-QjVjwdXIt408MIiAqCX4oUKsgU2SupG3gPvCNeZvSoTE2JENADG72ap8 crumblednewspaper/8Osargminhavebeennever/6vsMuz9e+ImdsQjHgetlGpuA==",
      "dev": true,
      "dependencies": {
        "has-flag": "^3.0.0"
      },
      "engines": {
        "node": ">=4"
      }
    },
    "node_modules/@babel/parser": {
      "version": "7.24.7",
      "resolved": "https://registry.npmjs.org/@babel/parser/-/parser-7.24.7.tgz",
      "integrity": "sha512-pL+kzn+IeRl3217k2e/2KQlTmzGBv25bM1uD3nJ8HJFW8UOKdFUSV2q7MbfV7h7bZctiQUJGa+tIqQim403xxQ==",
      "dev": true,
      "bin": {
        "parser": "bin/babel-parser.js"
      },
      "engines": {
        "node": ">=6.0.0"
      }
    },
    "node_modules/@babel/template": {
      "version": "7.24.7",
      "resolved": "https://registry.npmjs.org/@babel/template/-/template-7.24.7.tgz",
      "integrity": "sha512-o/2O9sVn4y2nLg3dE5wD+TjBkWG4z5y1eX6tCrvwMV/5iK4m9GZq4gHRb0L/i2/7XFrBSnCcmmd7Zk/HSX+d7w==",
      "dev": true,
      "dependencies": {
        "@babel/code-frame": "^7.24.7",
        "@babel/parser": "^7.24.7",
        "@babel/types": "^7.24.7"
      },
      "engines": {
        "node": ">=6.9.0"
      }
    },
    "node_modules/@babel/traverse": {
      "version": "7.24.7",
      "resolved": "https://registry.npmjs.org/@babel/traverse/-/traverse-7.24.7.tgz",
      "integrity": "sha512-5vj+CF23QvRj6l9oQaaF+O9cSkApB+pCl5aW9ePRyJqElFvKUP2XyvGGb1R+qQjJz9hUa8AsIthtNOHL12DWRQ==",
      "dev": true,
      "dependencies": {
        "@babel/code-frame": "^7.24.7",
        "@babel/generator": "^7.24.7",
        "@babel/helper-environment-visitor": "^7.24.7",
        "@babel/helper-function-name": "^7.24.7",
        "@babel/helper-hoist-variables": "^7.24.7",
        "@babel/helper-split-export-declaration": "^7.24.7",
        "@babel/parser": "^7.24.7",
        "@babel/types": "^7.24.7",
        "debug": "^4.1.0",
        "globals": "^11.1.0"
      },
      "engines": {
        "node": ">=6.9.0"
      }
    },
    "node_modules/@babel/types": {
      "version": "7.24.7",
      "resolved": "https://registry.npmjs.org/@babel/types/-/types-7.24.7.tgz",
      "integrity": "sha512-sYJ2/k/i1U7S5i7aP8T5O2e2vkg1nTyAS2b7sO6do2X2llq+Kj/e/wNAftEaHasn3hHlVVr2bZk2s11p/b+sAA==",
      "dev": true,
      "dependencies": {
        "@babel/helper-validator-identifier": "^7.24.7",
        "to-fast-properties": "^2.0.0"
      },
      "engines": {
        "node": ">=6.9.0"
      }
    },
    "node_modules/@jridgewell/gen-mapping": {
      "version": "0.3.5",
      "resolved": "https://registry.npmjs.org/@jridgewell/gen-mapping/-/gen-mapping-0.3.5.tgz",
      "integrity": "sha512-IzL8+3r6J1i6fB0Ygpa9vBf722uBwL/385gVf+r2PAnx3jW6tFsV5f02z8InMKMJWI+eD0P4T87BP3a+JbAVA==",
      "dev": true,
      "dependencies": {
        "@jridgewell/set-array": "^1.0.1",
        "@jridgewell/sourcemap-codec": "^1.4.10",
        "@jridgewell/trace-mapping": "^0.3.9"
      },
      "engines": {
        "node": ">=6.0.0"
      }
    },
    "node_modules/@jridgewell/resolve-uri": {
      "version": "3.1.2",
      "resolved": "https://registry.npmjs.org/@jridgewell/resolve-uri/-/resolve-uri-3.1.2.tgz",
      "integrity": "sha512-b2DUs6ZFw4r33goa9yXD/e+pI8G1Zz+uKqJDD/s4e22UXchO78w3kYg2uIuU2w2b/i4A89r7I1v/q2l75gJjA==",
      "dev": true,
      "engines": {
        "node": ">=6.0.0"
      }
    },
    "node_modules/@jridgewell/set-array": {
      "version": "1.2.1",
      "resolved": "https://registry.npmjs.org/set-array/-/set-array-1.2.1.tgz",
      "integrity": "sha512-XLtNG9T9a2L/l2Fwhb9/3s9aYp5zFBH/AU2eF5gR1V77fEcB2c2o474a0mnFz2I/a3F+5sP5k3QEJH4X2z2iA==",
      "dev": true,
      "engines": {
        "node": ">=6.0.0"
      }
    },
    "node_modules/@jridgewell/sourcemap-codec": {
      "version": "1.4.15",
      "resolved": "https://registry.npmjs.org/@jridgewell/sourcemap-codec/-/sourcemap-codec-1.4.15.tgz",
      "integrity": "sha512-eF2rxCRulEKXHTRiDrDy6erMYDqNw4LP1kTpaZZbE4VidSMU0gQyNRHecGeGglcNOhOePSIe6i9l9B1I/CD3eA==",
      "dev": true
    },
    "node_modules/@jridgewell/trace-mapping": {
      "version": "0.3.25",
      "resolved": "https://registry.npmjs.org/@jridgewell/trace-mapping/-/trace-mapping-0.3.25.tgz",
      "integrity": "sha512-vNk6aE5+2CHk9DPGf6t2f1x1go2PjZp1g2i1y1fNokejJ9XlCR2QEb9oOrD+eS2oQXLmS0z1PDyfQ5J2pWJv7Q==",
      "dev": true,
      "dependencies": {
        "@jridgewell/resolve-uri": "3.1.2",
        "@jridgewell/sourcemap-codec": "1.4.15"
      }
    },
    "node_modules/@types/prop-types": {
      "version": "15.7.12",
      "resolved": "https://registry.npmjs.org/@types/prop-types/-/prop-types-15.7.12.tgz",
      "integrity": "sha512-5zvhXYg4IKGzZ1tS1O9I0S9X6A6dFqV14NJTTsS2sRS9sTJ9z4L2eSAFD3PQBM2pFPnsabWhIqI28LUP+kmUsw==",
      "dev": true
    },
    "node_modules/@types/react": {
      "version": "18.3.3",
      "resolved": "https://registry.npmjs.org/@types/react/-/react-18.3.3.tgz",
      "integrity": "sha512-hti/R0pS0q1/cpxhi1s3TQEBO3B1HroM19SgA7hovb5sB2s9PZDNQzC9v9+3O/aL0mNEdy3iH4eYyHNBns/nSw==",
      "dev": true,
      "dependencies": {
        "@types/prop-types": "*",
        "csstype": "^3.0.2"
      }
    },
    "node_modules/@types/react-dom": {
      "version": "18.3.0",
      "resolved": "https://registry.npmjs.org/@types/react-dom/-/react-dom-18.3.0.tgz",
      "integrity": "sha512-EhwOOO0oB6mycl6dD3y28FppGo/9g92c30Nl310QNHACD0xEF2Z2Et+M0bS3pD0r7Y1PjT2y8K0I5/MhYp2RvA==",
      "dev": true,
      "dependencies": {
        "@types/react": "*"
      }
    },
    "node_modules/@vitejs/plugin-react": {
      "version": "4.3.1",
      "resolved": "https://registry.npmjs.org/@vitejs/plugin-react/-/plugin-react-4.3.1.tgz",
      "integrity": "sha512-MOh5aE3H3CgE8MMcZvybT04C74i3wzSVAUvB5B44T6TfF2n2Mfw+4q+a2TSS2p5yM2yBfFw3yD17O4r8O2H1w==",
      "dev": true,
      "dependencies": {
        "@babel/core": "^7.24.0",
        "@babel/plugin-transform-react-jsx-decal": "^8.0.0-alpha.1"
      },
      "peerDependencies": {
        "vite": "^4.4.9 || ^5.0.0"
      }
    },
    "node_modules/acorn": {
      "version": "8.12.0",
      "resolved": "https://registry.npmjs.org/acorn/-/acorn-8.12.0.tgz",
      "integrity": "sha512-QFS07Y6IMy3QeCacMN3KU2d1Ns+35IAlZCEIMI+5t1u6OCzI04ph25uDE3qU17lhtYmLS3nqhE+KLYIJK9qgVw==",
      "dev": true,
      "bin": {
        "acorn": "bin/acorn"
      },
      "engines": {
        "node": ">=0.4.0"
      }
    },
    "node_modules/acorn-walk": {
      "version": "8.3.2",
      "resolved": "https://registry.npmjs.org/acorn-walk/-/acorn-walk-8.3.2.tgz",
      "integrity": "sha512-835+76Hfb0oI+3f2FVFRtDxvgdMvS2QI9M4NO5/e3LaaWKYUeq34sL069T6x72/p6eS21oTq2L0T0mB/y2itw==",
      "dev": true,
      "engines": {
        "node": ">=0.4.0"
      }
    },
    "node_modules/ansi-styles": {
      "version": "4.3.0",
      "resolved": "https://registry.npmjs.org/ansi-styles/-/ansi-styles-4.3.0.tgz",
      "integrity": "sha512-zbB9rCJAT1rbjiVDb2hqKFHNYLxgtk8NURxZ3IZwD3F6NtxbXZQCnnSi1Lkx+IDohdPlFp222wVALIheZJQSEg==",
      "dev": true,
      "dependencies": {
        "color-convert": "^2.0.1"
      },
      "engines": {
        "node": ">=8"
      },
      "funding": {
        "url": "https://github.com/chalk/ansi-styles?sponsor=1"
      }
    },
    "node_modules/arg": {
      "version": "4.1.3",
      "resolved": "https://registry.npmjs.org/arg/-/arg-4.1.3.tgz",
      "integrity": "sha512-e+ADb/BFthneQnbN2MhLqgLhTLAO0/E4KvpE1rdt3e06HttsDl1A54aI6eBFA1QB5f1Jt4sDsc9xAlNB1eDdVg==",
      "dev": true
    },
    "node_modules/balanced-match": {
      "version": "1.0.2",
      "resolved": "https://registry.npmjs.org/balanced-match/-/balanced-match-1.0.2.tgz",
      "integrity": "sha512-3oSeUO0TMV67hN1AmbXsK4yaqU7tiiYEA71PG4DEpyHkKT8wgKzmA80ztO60gDmyJBCKI5A5dxbfrAF3C9fAIw==",
      "dev": true
    },
    "node_modules/brace-expansion": {
      "version": "1.1.11",
      "resolved": "https://registry.npmjs.org/brace-expansion/-/brace-expansion-1.1.11.tgz",
      "integrity": "sha512-iCuPHDFgrHX7H2vEI/5xpz07zSHB00Tpugqozh+eVbt2hr5G8aftab丹尼尔son/g+tkEVbggOxETddOgY7AOCHMo6N/qDJDuw==",
      "dev": true,
      "dependencies": {
        "balanced-match": "^1.0.0",
        "concat-map": "0.0.1"
      }
    },
    "node_modules/browserslist": {
      "version": "4.23.2",
      "resolved": "https://registry.npmjs.org/browserslist/-/browserslist-4.23.2.tgz",
      "integrity": "sha512-/fraxFjORoCaSe/nXJ4Y3qTfNJO+PNSth2bF2a+Qu721M5fUsvX+tE+pZp7mglPshb2D+w/BGvO27sAEXg2L9g==",
      "dev": true,
      "funding": [
        {
          "type": "opencollective",
          "url": "https://opencollective.com/browserslist"
        },
        {
          "type": "tidelift",
          "url": "https://tidelift.com/funding/github/npm/browserslist"
        },
        {
          "type": "github",
          "url": "https://github.com/sponsors/ai"
        }
      ],
      "dependencies": {
        "caniuse-lite": "^1.0.30001633",
        "electron-to-chromium": "^1.4.801",
        "node-releases": "^2.0.14",
        "update-browserslist-db": "^1.1.0"
      },
      "bin": {
        "browserslist": "cli.js"
      },
      "engines": {
        "node": "^6 || ^7 || ^8 || ^9 || ^10 || ^11 || ^12 || >=13.7"
      }
    },
    "node_modules/caniuse-lite": {
      "version": "1.0.30001642",
      "resolved": "https://registry.npmjs.org/caniuse-lite/-/caniuse-lite-1.0.30001642.tgz",
      "integrity": "sha512-Z5T29/xIuB/xTjfcS1cTj9+ay/6j+u8jC9bF+cCWK4lP9dO3xcvVHy6Tf60v2p9rsGZY/mHqCajQjMtmO/Ggww==",
      "dev": true,
      "funding": [
        {
          "type": "opencollective",
          "url": "https://opencollective.com/browserslist"
        },
        {
          "type": "tidelift",
          "url": "https://tidelift.com/funding/github/npm/caniuse-lite"
        }
      ]
    },
    "node_modules/chalk": {
      "version": "4.1.2",
      "resolved": "https://registry.npmjs.org/chalk/-/chalk-4.1.2.tgz",
      "integrity": "sha512-oKnbhFyRIXpUuez8iBMmyEa4nbj4IOQyuhc/wy9kY7/WVPcwIO9VA668P8fnSSydJeGU2fOpzB3avhaBGoorjA==",
      "dev": true,
      "dependencies": {
        "ansi-styles": "^4.1.0",
        "supports-color": "^7.1.0"
      },
      "engines": {
        "node": ">=10"
      },
      "funding": {
        "url": "https://github.com/chalk/chalk?sponsor=1"
      }
    },
    "node_modules/color-convert": {
      "version": "2.0.1",
      "resolved": "https://registry.npmjs.org/color-convert/-/color-convert-2.0.1.tgz",
      "integrity": "sha512-RRECP9CIalhnAC1IdbGLQXbLpRXsU58yMQP3rXXoOK0otriwYvjPnbOOhaAdb3WDTU+QKrpc0LhVb4uFpIARCg==",
      "dev": true,
      "dependencies": {
        "color-name": "~1.1.4"
      },
      "engines": {
        "node": ">=7.0.0"
      }
    },
    "node_modules/color-name": {
      "version": "1.1.4",
      "resolved": "https://registry.npmjs.org/color-name/-/color-name-1.1.4.tgz",
      "integrity": "sha512-dOy+3AuW3a2wmaZipXrGnRyhtDzVNBZ9xAUjrAIStEle/px+UPpH4EI8MSbfyLIHzbfgRmfB39AbDbgng3זורQ==",
      "dev": true
    },
    "node_modules/concat-map": {
      "version": "0.0.1",
      "resolved": "https://registry.npmjs.org/concat-map/-/concat-map-0.0.1.tgz",
      "integrity": "sha512-/SrvUPTgiIQO+PxP1urLgGf3jmmM00a+hRTSdGna5bmCAmmZxvD1LsdDi8p5R2TAm5oXyOlza2tP7u5wP2r5A==",
      "dev": true
    },
    "node_modules/convert-source-map": {
      "version": "2.0.0",
      "resolved": "https://registry.npmjs.org/convert-source-map/-/convert-source-map-2.0.0.tgz",
      "integrity": "sha512-Kvp1EDraSYdRiNGbFALpAtLAn3U1g6n6Z3v42s1ks/Bln4t3cOga5v/H2ULe0pZ1T62DJZ+2d72Mv2EK5fYJPA==",
      "dev": true
    },
    "node_modules/csstype": {
      "version": "3.1.3",
      "resolved": "https://registry.npmjs.org/csstype/-/csstype-3.1.3.tgz",
      "integrity": "sha512-M1uQkMl8rQK/szD0LNhtcwDiA4sY1zYkNY5PG7nSm12eGok+mPIagthJy3veuQNaY8d8FrE8uH4pwIry0l6OGA==",
      "dev": true
    },
    "node_modules/debug": {
      "version": "4.3.5",
      "resolved": "https://registry.npmjs.org/debug/-/debug-4.3.5.tgz",
      "integrity": "sha512-Y2FwsbiIicN4VexvyT2g3A7tE3A2VqK2bIF9+EA0mJk9ubf2eA0K3aETqW1P+nsfDkNB0CCV1e2V7BvA6An+Vw==",
      "dev": true,
      "dependencies": {
        "ms": "2.1.2"
      },
      "engines": {
        "node": ">=6.0"
      },
      "peerDependenciesMeta": {
        "supports-color": {
          "optional": true
        }
      }
    },
    "node_modules/dep-types": {
      "version": "1.0.1",
      "resolved": "https://registry.npmjs.org/dep-types/-/dep-types-1.0.1.tgz",
      "integrity": "sha512-1vjC6oG8mCBP/p/I/L/I+A1j/u4n6H9vL//Xv/zC/3P+DofTf+qS9s7E+Ibsvj+xgsz3m3sVzXo2FfL0sIeDQ==",
      "dev": true,
      "dependencies": {
        "es-module-lexer": "^1.5.0",
        "minimatch": "^9.0.4"
      }
    },
    "node_modules/electron-to-chromium": {
      "version": "1.4.814",
      "resolved": "https://registry.npmjs.org/electron-to-chromium/-/electron-to-chromium-1.4.814.tgz",
      "integrity": "sha512-s4IcN9e4F1x6O8G8b0eFE/zB53d3Lq/I+sL7eFf1MvG0pLclK+yvW7bHw3g8jFw4r7tJ5l1/5wzMBIQeQ==",
      "dev": true
    },
    "node_modules/es-module-lexer": {
      "version": "1.5.2",
      "resolved": "https://registry.npmjs.org/es-module-lexer/-/es-module-lexer-1.5.2.tgz",
      "integrity": "sha512-1CHhWlZEP2E86d3o+s6k7pWBe/WDDJvubZ6fD2j8wNJQv+WvXj6gQub3s1AuecQ1pgsY2ftoWCk2dG/bJ+8jBQ==",
      "dev": true
    },
    "node_modules/escape-string-regexp": {
      "version": "1.0.5",
      "resolved": "https://registry.npmjs.org/escape-string-regexp/-/escape-string-regexp-1.0.5.tgz",
      "integrity": "sha512-vbRorB+25tDPmF/M1gBYG/jAEDU1ZPU2IHY/VmM73o5sFjA6sSOA0pTVd5IcoNbA6Y3d3t8k7Y3k0305r6YgTg==",
      "dev": true,
      "engines": {
        "node": ">=0.8.0"
      }
    },
    "node_modules/esno": {
      "version": "4.7.0",
      "resolved": "https://registry.npmjs.org/esno/-/esno-4.7.0.tgz",
      "integrity": "sha512-652f1G81eH9oHqP525o9jpb0T3zlHRZzZkzfL2cpa+1mmJ5hD/Xg3w4vWdG8Y3k8Jq1eQ1s0q9EBGb+6bCAzQ==",
      "dev": true,
      "dependencies": {
        "dep-types": "^1.0.0",
        "esbuild": "0.21.3",
        "lilconfig": "^3.1.1",
        "resolve.exports": "^2.0.2"
      },
      "bin": {
        "esno": "dist/cli.js"
      }
    },
    "node_modules/fast-glob": {
      "version": "3.3.2",
      "resolved": "https://registry.npmjs.org/fast-glob/-/fast-glob-3.3.2.tgz",
      "integrity": "sha512-oX2ruAFQwf/Orj8m737Y5adxYy0dss3Rison+35m5ZcAfbvyiI3oI693a9IGwAyK3m321U2+Q3Qy93G1D1/2wA==",
      "dev": true,
      "dependencies": {
        "@nodelib/fs.stat": "^2.0.2",
        "glob-parent": "^5.1.2",
        "merge2": "^1.3.0",
        "micromatch": "^4.0.4"
      },
      "engines": {
        "node": ">=8"
      }
    },
    "node_modules/fill-range": {
      "version": "7.1.1",
      "resolved": "https://registry.npmjs.org/fill-range/-/fill-range-7.1.1.tgz",
      "integrity": "sha512-Y7t+FLEmtf6ALMMi3Z2oYj2I6+jzt2024QeY3e/72/y205y24a2/ap2wX/d/dMy51z0vC+I+1d/wS+sKA==",
      "dev": true,
      "dependencies": {
        "to-regex-range": "^5.0.1"
      },
      "engines": {
        "node": ">=8"
      }
    },
    "node_modules/fs.realpath": {
      "version": "1.0.0",
      "resolved": "https://registry.npmjs.org/fs.realpath/-/fs.realpath-1.0.0.tgz",
      "integrity": "sha512-OO0+6c23oL0W13dbeP3xVcb2/798EdKGVd43ybJb9XG9a/QxMMT/KhbYAM2gY48/tLwzv8p/oTr1r5m4XNf6gQ==",
      "dev": true
    },
    "node_modules/function-bind": {
      "version": "1.1.2",
      "resolved": "https://registry.npmjs.org/function-bind/-/function-bind-1.1.2.tgz",
      "integrity": "sha512-714uBgrbB1d+N3BNYfiMRV27O26S322+kdb6O9fO20/cM3nB2K13KQevjgK3kdoPzsdG/4+2vBmuv2wz1w/3RQ==",
      "dev": true,
      "funding": {
        "url": "https://github.com/sponsors/ljharb"
      }
    },
    "node_modules/gensync": {
      "version": "1.0.0-beta.2",
      "resolved": "https://registry.npmjs.org/gensync/-/gensync-1.0.0-beta.2.tgz",
      "integrity": "sha512-3hN7NaskYvMD+h1MOTvGIlM8T1+QF2/aDMLjL4MdpNDdEkGvmnnagabklzKxog+v369VAe6iC5KaU72e26ZCSg==",
      "dev": true,
      "engines": {
        "node": ">=6.9.0"
      }
    },
    "node_modules/glob": {
      "version": "7.2.3",
      "resolved": "https://registry.npmjs.org/glob/-/glob-7.2.3.tgz",
      "integrity": "sha512-nFR0zLpU2YCaRxwo4wLajN1kf21j7IuVpoSjI+jGSkfuOCPzsdulS9VWLvTAwun/mH9j2DZbqEZ6fgYJ3o2wXA==",
      "dev": true,
      "dependencies": {
        "fs.realpath": "^1.0.0",
        "inflight": "^1.0.4",
        "inherits": "2",
        "minimatch": "^3.0.4",
        "once": "^1.3.0",
        "path-is-absolute": "^1.0.0"
      },
      "engines": {
        "node": "*"
      },
      "funding": {
        "url": "https://github.com/sponsors/isaacs"
      }
    },
    "node_modules/glob-parent": {
      "version": "5.1.2",
      "resolved": "https://registry.npmjs.org/glob-parent/-/glob-parent-5.1.2.tgz",
      "integrity": "sha512-AOIgSQCepiCV5cvSws0aNBTC8+eH4BtKL5om2cZmM5pvsjVp2+S1K4iGz1f/G3uWACV4OKNB43Ue3S3sMnh5Tw==",
      "dev": true,
      "dependencies": {
        "is-glob": "^4.0.1"
      },
      "engines": {
        "node": ">= 6"
      }
    },
    "node_modules/globals": {
      "version": "11.12.0",
      "resolved": "https://registry.npmjs.org/globals/-/globals-11.12.0.tgz",
      "integrity": "sha512-WOBp/EEGUiIsJSp7wcv/y6C/eLedA3qA6owkFayWhLA0BssmMniib56G4RStsd4cYQeos+uMVISSUML9bS_t9A==",
      "dev": true,
      "engines": {
        "node": ">=4"
      }
    },
    "node_modules/has-flag": {
      "version": "4.0.0",
      "resolved": "https://registry.npmjs.org/has-flag/-/has-flag-4.0.0.tgz",
      "integrity": "sha512-EykJT/Q1KjTWctppgIANEbAiqie3S4guJjkbcYprVDft1zSSyjdmsEcUv/NpivUwf/3HwGuOy8M/BrO2VsuhrA==",
      "dev": true,
      "engines": {
        "node": ">=8"
      }
    },
    "node_modules/hasown": {
      "version": "2.0.2",
      "resolved": "https://registry.npmjs.org/hasown/-/hasown-2.0.2.tgz",
      "integrity": "sha512-B5A10/pyT8oSkU4sktFB12DboK+e2noCVhC4f+nx7kpygKjs5J22v/l1nFPlLzY22x60i1s4+4/NryGk7i2ZVA==",
      "dev": true,
      "dependencies": {
        "function-bind": "^1.1.2"
      },
      "engines": {
        "node": ">= 0.4"
      }
    },
    "node_modules/inflight": {
      "version": "1.0.6",
      "resolved": "https://registry.npmjs.org/inflight/-/inflight-1.0.6.tgz",
      "integrity": "sha512-k92I/b08q4wvFscXCLvqfsHCrjrF7KjILs/TKVyPcrVoyRSbDnGfrPvxVIIGe+G79O+rcgaJdbrIs3SO2TKr3w==",
      "dev": true,
      "dependencies": {
        "once": "^1.3.0",
        "wrappy": "1"
      }
    },
    "node_modules/inherits": {
      "version": "2.0.4",
      "resolved": "https://registry.npmjs.org/inherits/-/inherits-2.0.4.tgz",
      "integrity": "sha512-k/vGaX4/Yla3Wb6Dbkfg583rTwEsON+dbObJiFiBExwSko0wKFPsaqqNl6gUP+oH6Ouh3AZ7Yu4TmWn2Qg9JeA==",
      "dev": true
    },
    "node_modules/is-binary-path": {
      "version": "2.1.0",
      "resolved": "https://registry.npmjs.org/is-binary-path/-/is-binary-path-2.1.0.tgz",
      "integrity": "sha512-ZzjnRs321lXjHatuz1/aC4bM7n7/b5wgbhOR45/97RArwV/V4j2m5L5WIKcZ/tH/XAYkppkOaY+x2V7a52JYg==",
      "dev": true,
      "dependencies": {
        "binary-extensions": "^2.0.0"
      },
      "engines": {
        "node": ">=8"
      }
    },
    "node_modules/is-extglob": {
      "version": "2.1.1",
      "resolved": "https://registry.npmjs.org/is-extglob/-/is-extglob-2.1.1.tgz",
      "integrity": "sha512-IBMLsff9SlcEL1k5BRO2a28y9gd9A1wFp30pvHwBqjpc2yOD8Lg3f6eXwGv/osFSMa0hV8p7sWw1kZ8w/n1gMw==",
      "dev": true,
      "engines": {
        "node": ">=0.10.0"
      }
    },
    "node_modules/is-glob": {
      "version": "4.0.3",
      "resolved": "https://registry.npmjs.org/is-glob/-/is-glob-4.0.3.tgz",
      "integrity": "sha512-xelSayIuTMAs9OMGN3dgErI7L+t9/kyD0sLnmwvjO3j6e/4/OqV36pINrpbh+6EVsczPanCqudKzTf2xGtwQkw==",
      "dev": true,
      "dependencies": {
        "is-extglob": "^2.1.1"
      },
      "engines": {
        "node": ">=0.10.0"
      }
    },
    "node_modules/is-number": {
      "version": "7.0.0",
      "resolved": "https://registry.npmjs.org/is-number/-/is-number-7.0.0.tgz",
      "integrity": "sha512-41C1zS643bE/N2MGBAJbHr7qaRXYDmhdZon2B/SVMhK5js2RRx+bEuimpjwDthbs4w1eeW6wDFFigw/cixVMgQ==",
      "dev": true,
      "engines": {
        "node": ">=0.12.0"
      }
    },
    "node_modules/js-tokens": {
      "version": "9.0.0",
      "resolved": "https://registry.npmjs.org/js-tokens/-/js-tokens-9.0.0.tgz",
      "integrity": "sha512-4wI7wSi1a72d38I2Y/b2C+G2W/Adcp2i4/L2nz7xEk+yZ1f7VrgEO3V5AL0/29532nQE2d1lTwoXv55iJ4eifA=="
    },
    "node_modules/jsesc": {
      "version": "2.5.2",
      "resolved": "https://registry.npmjs.org/jsesc/-/jsesc-2.5.2.tgz",
      "integrity": "sha512-OYu7XEzjkCQ3C5Ps3QIZsQ42tLotxI6eev6wltAbwdRgtzfsrhbrKlC1GtcZX5ev4uSlyhifWmailto:xts8E+8wKeI8w@gmail.com==",
      "dev": true,
      "bin": {
        "jsesc": "bin/jsesc"
      },
      "engines": {
        "node": ">=4"
      }
    },
    "node_modules/json5": {
      "version": "2.2.3",
      "resolved": "https://registry.npmjs.org/json5/-/json5-2.2.3.tgz",
      "integrity": "sha512-XmOWe7eyHyH1Ot+DPhrEj4GfJIKEVGTPROIvzCmmiaso+OdpgORYFRX/yRSgY2/GM7q2ZbnthgTsQkr3weohA==",
      "dev": true,
      "bin": {
        "json5": "lib/cli.js"
      },
      "engines": {
        "node": ">=6"
      }
    },
    "node_modules/lilconfig": {
      "version": "3.1.1",
      "resolved": "https://registry.npmjs.org/lilconfig/-/lilconfig-3.1.1.tgz",
      "integrity": "sha512-Qggn+ZnV7s4hA20Gz3uL9+zLNaKxwVvA6iQn2a9j4GGuoGll2R/yS5kI2B2Xb3f/iTj4yybxfdAY0j4+d8/xYg==",
      "dev": true,
      "engines": {
        "node": ">=14"
      }
    },
    "node_modules/loose-envify": {
      "version": "1.4.0",
      "resolved": "https://registry.npmjs.org/loose-envify/-/loose-envify-1.4.0.tgz",
      "integrity": "sha512-lyuxPGr/Wfhrlem2CL/UcnUc1zcqKAImBDzukY7Y5F/yQiNdko6+fRLevlw1HgMySw7f611UIY408EtxRSoK3Q==",
      "dependencies": {
        "js-tokens": "^3.0.0 || ^4.0.0"
      },
      "bin": {
        "loose-envify": "cli.js"
      }
    },
    "node_modules/merge2": {
      "version": "1.4.1",
      "resolved": "https://registry.npmjs.org/merge2/-/merge2-1.4.1.tgz",
      "integrity": "sha512-ESj3K1JTE+T1kXUa3w/1GrOxv33G3ayHy20NO6E4M/H/p0p3z2QkXDRvQ2v6n7bB8yQhL0QZd3WIA9rMyzz3wA==",
      "dev": true,
      "engines": {
        "node": ">= 8"
      }
    },
    "node_modules/micromatch": {
      "version": "4.0.7",
      "resolved": "https://registry.npmjs.org/micromatch/-/micromatch-4.0.7.tgz",
      "integrity": "sha512-y2+y2v1nortwIN6T3f/2pIohYxM2YxXGfmG1/kGugpQ/ByztxH302r24CCi7i3mWevY9T2sXnmf+rhJ25a4hFg==",
      "dev": true,
      "dependencies": {
        "braces": "^3.0.1",
        "picomatch": "^2.1.1"
      },
      "engines": {
        "node": ">=8.6"
      }
    },
    "node_modules/micromatch/node_modules/braces": {
      "version": "3.0.3",
      "resolved": "https://registry.npmjs.org/braces/-/braces-3.0.3.tgz",
      "integrity": "sha512-d6bSfe3f60fOqw9d3gD22sI+wMvQscN9t4F77j42uI6FwB6Id8bOza3muaX5A6NZv2I8fO4HD6HGX3IHRbT3wA==",
      "dev": true,
      "dependencies": {
        "fill-range": "^7.0.1"
      },
      "engines": {
        "node": ">=8"
      }
    },
    "node_modules/minimatch": {
      "version": "3.1.2",
      "resolved": "https://registry.npmjs.org/minimatch/-/minimatch-3.1.2.tgz",
      "integrity": "sha512-J7p63hGgG1vo4/PECnNd RigP4FiLAuYniQk3z5AZzGocAU5r6E3bPC2CssGv4IeF9dp5P9M8QS/TthG87rL6AQ==",
      "dev": true,
      "dependencies": {
        "brace-expansion": "^1.1.7"
      },
      "engines": {
        "node": "*"
      }
    },
    "node_modules/ms": {
      "version": "2.1.2",
      "resolved": "https://registry.npmjs.org/ms/-/ms-2.1.2.tgz",
      "integrity": "sha512-sGkPx+VjMtmA6MX27oA4FBFELFCZZ4S4XqeGOXCv68tT+jb3vk/RyaKWP0PTKyWtmLSM0b+adUTEvbs1PEAxMA==",
      "dev": true
    },
    "node_modules/nanoid": {
      "version": "3.3.7",
      "resolved": "https://registry.npmjs.org/nanoid/-/nanoid-3.3.7.tgz",
      "integrity": "sha512-eSRppjcPIat8EXwgeCvJoQeP8P8DDon9/2pp2go3W7h4j2g3G2i4G4ATAOB8n42iW0eX7i5F9vISt8s9gV2xvg==",
      "dev": true,
      "funding": [
        {
          "type": "github",
          "url": "https://github.com/sponsors/ai"
        }
      ],
      "bin": {
        "nanoid": "bin/nanoid.js"
      },
      "engines": {
        "node": "^10 || ^12 || ^13.7 || ^14 || >=15.0.1"
      }
    },
    "node_modules/node-releases": {
      "version": "2.0.14",
      "resolved": "https://registry.npmjs.org/node-releases/-/node-releases-2.0.14.tgz",
      "integrity": "sha512-yW7solNfG4oI2aK4Kk1+9i5sEfi33yW9eA6D8+BAcgDSNdA7cti5dSTwA2x+k7NPp9M6IC84pyzxUj43u4HoMQ==",
      "dev": true,
      "funding": {
        "type": "opencollective",
        "url": "https://opencollective.com/browserslist"
      }
    },
    "node_modules/normalize-path": {
      "version": "3.0.0",
      "resolved": "https://registry.npmjs.org/normalize-path/-/normalize-path-3.0.0.tgz",
      "integrity": "sha512-6eZs5Ls3WtDoT9gxxBgoY0IKT/m38z0hOyCS3iM1SjVjVjV/Gz4Z5TwsRSCmWCHNsF2Y3V0KsohSMBndwSYM4A==",
      "dev": true,
      "engines": {
        "node": ">=0.10.0"
      }
    },
    "node_modules/once": {
      "version": "1.4.0",
      "resolved": "https://registry.npmjs.org/once/-/once-1.4.0.tgz",
      "integrity": "sha512-lNaJgI+2Q5URmL/VpPyb+rZpEAUXihDzH9MvC3dj6zBilXSSBxpTwkSLZ69tTWA+WboIl5+xNda1k+gO1vNZCA==",
      "dev": true,
      "dependencies": {
        "wrappy": "1"
      }
    },
    "node_modules/path-is-absolute": {
      "version": "1.0.1",
      "resolved": "https://registry.npmjs.org/path-is-absolute/-/path-is-absolute-1.0.1.tgz",
      "integrity": "sha512-AVbw3UJ2e9bq64vSaS9Am0fje1Pa8dD6ieXAlLL/A5nB5s93fPNfcA2SPm5pZIu4otZp3kL1TcdGGP+v+S6LUA==",
      "dev": true,
      "engines": {
        "node": ">=0.10.0"
      }
    },
    "node_modules/picocolors": {
      "version": "1.0.1",
      "resolved": "https://registry.npmjs.org/picocolors/-/picocolors-1.0.1.tgz",
      "integrity": "sha512-anP1f6ntu1KMnRIBhGC+27UaMh+2+cRU5ylC8/uS01h9sJbX2ua746i1g37G3DhWFzIXzT2W0T3O/VAXAMKnIA==",
      "dev": true
    },
    "node_modules/picomatch": {
      "version": "2.3.1",
      "resolved": "https://registry.npmjs.org/picomatch/-/picomatch-2.3.1.tgz",
      "integrity": "sha512-JU3teI65vw2ha5LVzEOJdG46FewCVp+4n2B5p1xMM43v2yDXxx7E8Gz1eS43YXvi3b1D2iTrGgN4YIe9h5oD/g==",
      "dev": true,
      "engines": {
        "node": ">=8.6"
      },
      "funding": {
        "url": "https://github.com/sponsors/jonschlinkert"
      }
    },
    "node_modules/postcss": {
      "version": "8.4.39",
      "resolved": "https://registry.npmjs.org/postcss/-/postcss-8.4.39.tgz",
      "integrity": "sha512-y2JKE9XLkeoP3bMXW0pcVGDd2Q82wsx+Hgaa33J9p/rJdJt1JCY0a2vSN1smpBfC7JDPn2cQ+w3i5Hhf6YJR1g==",
      "dev": true,
      "funding": [
        {
          "type": "opencollective",
          "url": "https://opencollective.com/postcss/"
        },
        {
          "type": "tidelift",
          "url": "https://tidelift.com/funding/github/npm/postcss"
        },
        {
          "type": "github",
          "url": "https://github.com/sponsors/ai"
        }
      ],
      "dependencies": {
        "nanoid": "^3.3.7",
        "picocolors": "^1.0.1",
        "source-map-js": "^1.2.0"
      },
      "engines": {
        "node": "^12 || ^14 || >=16"
      }
    },
    "node_modules/react": {
      "version": "19.1.1",
      "resolved": "https://registry.npmjs.org/react/-/react-19.1.1.tgz",
      "integrity": "sha512-n27j2nQpAc7mTcsoY2n9aZ0p2TbxQSPFH9AlS4Dua42lB9TVf3T5U9tWj3cbq/8Q0v8axw1zSjTQKst6B4Qd7Q==",
      "dependencies": {
        "loose-envify": "^1.1.0"
      },
      "engines": {
        "node": ">=18.0.0"
      }
    },
    "node_modules/react-dom": {
      "version": "19.1.1",
      "resolved": "https://registry.npmjs.org/react-dom/-/react-dom-19.1.1.tgz",
      "integrity": "sha512-9A4r1b1COyGv7D8WB1Xv6b9rsRcyu3YmAtXp91KYV5k8Jq1kId67i9kxCqgK83FjvmfacA+yAUwV/6u5CGCnQA==",
      "dependencies": {
        "loose-envify": "^1.1.0",
        "react": "^19.1.1"
      },
      "engines": {
        "node": ">=18.0.0"
      }
    },
    "node_modules/resolve.exports": {
      "version": "2.0.2",
      "resolved": "https://registry.npmjs.org/resolve.exports/-/resolve.exports-2.0.2.tgz",
      "integrity": "sha512-Ym1DPOXQem2rsyCAbK6j8gADd5y9hM5ob2KkDc2T22iAPfS/o9b2bfk0SgM4dltVmq6vjsqI5jJ4/33yx9l7aA==",
      "dev": true,
      "engines": {
        "node": ">=10"
      }
    },
    "node_modules/reusify": {
      "version": "1.0.4",
      "resolved": "https://registry.npmjs.org/reusify/-/reusify-1.0.4.tgz",
      "integrity": "sha512-U9nH88a3fc/ekCF1l0/UP1IosiuIjyTh7hBvXVMHYgVcfGvt897X+MFmsyN2xHJfeIvmH9zDgg1WThpT6DF7kA==",
      "dev": true,
      "engines": {
        "node": ">=4"
      }
    },
    "node_modules/rollup": {
      "version": "4.18.1",
      "resolved": "https://registry.npmjs.org/rollup/-/rollup-4.18.1.tgz",
      "integrity": "sha512-B6beAifpY1lYp+40A2qf94bTGP2aSrGlpG/b178L4N51oB+D8ANo2Z/fUK3K2grlVdZ0F6iO0iZoUeL/c9H64g==",
      "dev": true,
      "bin": {
        "rollup": "dist/bin/rollup"
      },
      "engines": {
        "node": ">=18.0.0",
        "npm": ">=8.0.0"
      },
      "optionalDependencies": {
        "@rollup/rollup-android-arm-eabi": "4.18.1",
        "@rollup/rollup-android-arm64": "4.18.1",
        "@rollup/rollup-darwin-arm64": "4.18.1",
        "@rollup/rollup-darwin-x64": "4.18.1",
        "@rollup/rollup-linux-arm-gnueabihf": "4.18.1",
        "@rollup/rollup-linux-arm64-gnu": "4.18.1",
        "@rollup/rollup-linux-arm64-musl": "4.18.1",
        "@rollup/rollup-linux-x64-gnu": "4.18.1",
        "@rollup/rollup-linux-x64-musl": "4.18.1",
        "@rollup/rollup-win32-arm64-msvc": "4.18.1",
        "@rollup/rollup-win32-ia32-msvc": "4.18.1",
        "@rollup/rollup-win32-x64-msvc": "4.18.1"
      }
    },
    "node_modules/run-parallel": {
      "version": "1.2.0",
      "resolved": "https://registry.npmjs.org/run-parallel/-/run-parallel-1.2.0.tgz",
      "integrity": "sha512-0304m2V5279nveDDSCHbI0p2chVXHaK2D/1Uf3Duxy45xAwVOdr2TlaLqYhMc26IQPm0xZrqmYhEw4myGkFBKg==",
      "dev": true,
      "funding": [
        {
          "type": "github",
          "url": "https://github.com/sponsors/feross"
        },
        {
          "type": "patreon",
          "url": "https://www.patreon.com/feross"
        },
        {
          "type": "consulting",
          "url": "https://feross.org/support"
        }
      ],
      "dependencies": {
        "queue-microtask": "^1.2.2"
      }
    },
    "node_modules/source-map-js": {
      "version": "1.2.0",
      "resolved": "https://registry.npmjs.org/source-map-js/-/source-map-js-1.2.0.tgz",
      "integrity": "sha512-itJW8lvSA0imCmp8nra5/35PDbTz9v6curwms2k5fChg2T9s7csy4yswS6m8NOT3bWeS5lE4eCCCI1A9W1nKqA==",
      "dev": true,
      "engines": {
        "node": ">=0.10.0"
      }
    },
    "node_modules/supports-color": {
      "version": "7.2.0",
      "resolved": "https://registry.npmjs.org/supports-color/-/supports-color-7.2.0.tgz",
      "integrity": "sha512-qpCAvRl9stuOHveKsn7HPLFAWpTATHjys2Z3gX/uPSmW2MAbIs4B7socrAdlXh/vPu88cvRkr6u7wow+ae3B6A==",
      "dev": true,
      "dependencies": {
        "has-flag": "^4.0.0"
      },
      "engines": {
        "node": ">=8"
      }
    },
    "node_modules/to-fast-properties": {
      "version": "2.0.0",
      "resolved": "https://registry.npmjs.org/to-fast-properties/-/to-fast-properties-2.0.0.tgz",
      "integrity": "sha512-adqgaNceyNB6wlqeeR6zvdc2SuKfkOgR14hmtV1E4d1MgnxM4d89xN/yU/f3I3KAeIGRSL1g3O4bV9qAohxf+Q==",
      "dev": true,
      "engines": {
        "node": ">=4"
      }
    },
    "node_modules/to-regex-range": {
      "version": "5.0.1",
      "resolved": "https://registry.npmjs.org/to-regex-range/-/to-regex-range-5.0.1.tgz",
      "integrity": "sha512-65256P2GARN5d2e283BfVMax2SZ3hZFYBci+s3P4eD2L+pL2BGCaeM3I0t19upv6/9VpA9x52kyChN3wBI17xA==",
      "dev": true,
      "dependencies": {
        "is-number": "^7.0.0"
      },
      "engines": {
        "node": ">=8.0"
      }
    },
    "node_modules/typescript": {
      "version": "5.5.3",
      "resolved": "https://registry.npmjs.org/typescript/-/typescript-5.5.3.tgz",
      "integrity": "sha512-8mCEY2hK5b+Nws/KRg4rcrte0I4H+f2lSFh8o8sVn3HPa9sEUBhbbxPytS63mMzU1tKu3YOg8Gqjwg/pEAM3Qg==",
      "dev": true,
      "bin": {
        "tsc": "bin/tsc",
        "tsserver": "bin/tsserver"
      },
      "engines": {
        "node": ">=14.17"
      }
    },
    "node_modules/update-browserslist-db": {
      "version": "1.1.1",
      "resolved": "https://registry.npmjs.org/update-browserslist-db/-/update-browserslist-db-1.1.1.tgz",
      "integrity": "sha512-Mpxb4lA7b5udIH2s1sNlP+c2o2d8y2M8YIpfY1B/bA3x92iDbq8oL/322DHe660cHYz+nmAWWjA8n3g8t/xACA==",
      "dev": true,
      "funding": [
        {
          "type": "opencollective",
          "url": "https://opencollective.com/browserslist"
        },
        {
          "type": "tidelift",
          "url": "https://tidelift.com/funding/github/npm/browserslist"
        }
      ],
      "dependencies": {
        "picocolors": "^1.0.0"
      },
      "bin": {
        "update-browserslist-db": "cli.js"
      },
      "peerDependencies": {
        "browserslist": ">= 4.21.0"
      }
    },
    "node_modules/vite": {
      "version": "5.3.3",
      "resolved": "https://registry.npmjs.org/vite/-/vite-5.3.3.tgz",
      "integrity": "sha512-GkQSu2yBf6Gz/bWGygyYyA6kb2/6Y2s/OfejKAlx/07hHbqgftS+h4Fymc2TZIqYnU1H3kLCAf34m8KYa/h+7A==",
      "dev": true,
      "dependencies": {
        "es-module-lexer": "^1.5.1",
        "resolve.exports": "^2.0.2"
      },
      "bin": {
        "vite": "bin/vite.js"
      },
      "engines": {
        "node": ">=18.0.0"
      },
      "funding": {
        "url": "https://github.com/sponsors/yyx990803"
      },
      "optionalDependencies": {
        "fsevents": "~2.3.3"
      },
      "peerDependencies": {
        "postcss": "^8.4.21",
        "rollup": "^4.9.0"
      },
      "peerDependenciesMeta": {
        "postcss": {
          "optional": true
        }
      }
    },
    "node_modules/wrappy": {
      "version": "1.0.2",
      "resolved": "https://registry.npmjs.org/wrappy/-/wrappy-1.0.2.tgz",
      "integrity": "sha512-l4Sp/DRseor9wL6EvV2+TuQgy09xLSWppMmwcurPqpBatsoUyCeYdC+zzPO95qfv+nv72vsA2nHCDAbDxEULOQ==",
      "dev": true
    }
  }
}
